
Microsoft Visual Studio Solution File, Format Version 12.00
# Visual Studio Version 16
VisualStudioVersion = 16.0.29613.14
MinimumVisualStudioVersion = 10.0.40219.1
Project("{9A19103F-16F7-4668-BE54-9A1E7A4F7556}") = "BasicMapper", "BasicMapper\BasicMapper.csproj", "{0EE67EB4-5485-4784-A48E-2450E7C57E34}"
EndProject
Project("{FAE04EC0-301F-11D3-BF4B-00C04F79EFBC}") = "OF.BasicMapper", "OF.BasicMapper\OF.BasicMapper.csproj", "{70DF5A7A-F8E3-419F-ACD2-B72200C6AF25}"
EndProject
Global
	GlobalSection(SolutionConfigurationPlatforms) = preSolution
		Debug|Any CPU = Debug|Any CPU
		Release|Any CPU = Release|Any CPU
	EndGlobalSection
	GlobalSection(ProjectConfigurationPlatforms) = postSolution
		{0EE67EB4-5485-4784-A48E-2450E7C57E34}.Debug|Any CPU.ActiveCfg = Debug|Any CPU
		{0EE67EB4-5485-4784-A48E-2450E7C57E34}.Debug|Any CPU.Build.0 = Debug|Any CPU
		{0EE67EB4-5485-4784-A48E-2450E7C57E34}.Release|Any CPU.ActiveCfg = Release|Any CPU
		{0EE67EB4-5485-4784-A48E-2450E7C57E34}.Release|Any CPU.Build.0 = Release|Any CPU
		{70DF5A7A-F8E3-419F-ACD2-B72200C6AF25}.Debug|Any CPU.ActiveCfg = Debug|Any CPU
		{70DF5A7A-F8E3-419F-ACD2-B72200C6AF25}.Debug|Any CPU.Build.0 = Debug|Any CPU
		{70DF5A7A-F8E3-419F-ACD2-B72200C6AF25}.Release|Any CPU.ActiveCfg = Release|Any CPU
		{70DF5A7A-F8E3-419F-ACD2-B72200C6AF25}.Release|Any CPU.Build.0 = Release|Any CPU
	EndGlobalSection
	GlobalSection(SolutionProperties) = preSolution
		HideSolutionNode = FALSE
	EndGlobalSection
	GlobalSection(ExtensibilityGlobals) = postSolution
		SolutionGuid = {D4CF6F85-9A00-43DF-8A21-5E824552CEEA}
	EndGlobalSection
EndGlobal
